
Microsoft Visual Studio Solution File, Format Version 12.00
# Visual Studio Version 16
VisualStudioVersion = 16.0.30204.135
MinimumVisualStudioVersion = 10.0.40219.1
Project("{FAE04EC0-301F-11D3-BF4B-00C04F79EFBC}") = "LoginBackEnd", "LoginBackEnd\LoginBackEnd.csproj", "{C468E130-2BA5-4864-8B38-323C2E45792A}"
EndProject
Global
	GlobalSection(SolutionConfigurationPlatforms) = preSolution
		Debug|Any CPU = Debug|Any CPU
		Release|Any CPU = Release|Any CPU
	EndGlobalSection
	GlobalSection(ProjectConfigurationPlatforms) = postSolution
		{C468E130-2BA5-4864-8B38-323C2E45792A}.Debug|Any CPU.ActiveCfg = Debug|Any CPU
		{C468E130-2BA5-4864-8B38-323C2E45792A}.Debug|Any CPU.Build.0 = Debug|Any CPU
		{C468E130-2BA5-4864-8B38-323C2E45792A}.Release|Any CPU.ActiveCfg = Release|Any CPU
		{C468E130-2BA5-4864-8B38-323C2E45792A}.Release|Any CPU.Build.0 = Release|Any CPU
	EndGlobalSection
	GlobalSection(SolutionProperties) = preSolution
		HideSolutionNode = FALSE
	EndGlobalSection
	GlobalSection(ExtensibilityGlobals) = postSolution
		SolutionGuid = {A12935AD-E7EF-40F6-BAF4-8062F409ABEA}
	EndGlobalSection
EndGlobal
